
Microsoft Visual Studio Solution File, Format Version 12.00
# Visual Studio Version 17
VisualStudioVersion = 17.6.33829.357
MinimumVisualStudioVersion = 10.0.40219.1
Project("{8BC9CEB8-8B4A-11D0-8D11-00A0C91BC942}") = "环境调试", "环境调试\环境调试.vcxproj", "{69350095-4AD9-4073-9331-1904B076DC89}"
EndProject
Global
	GlobalSection(SolutionConfigurationPlatforms) = preSolution
		Debug|x64 = Debug|x64
		Debug|x86 = Debug|x86
		Release|x64 = Release|x64
		Release|x86 = Release|x86
	EndGlobalSection
	GlobalSection(ProjectConfigurationPlatforms) = postSolution
		{69350095-4AD9-4073-9331-1904B076DC89}.Debug|x64.ActiveCfg = Debug|x64
		{69350095-4AD9-4073-9331-1904B076DC89}.Debug|x64.Build.0 = Debug|x64
		{69350095-4AD9-4073-9331-1904B076DC89}.Debug|x86.ActiveCfg = Debug|Win32
		{69350095-4AD9-4073-9331-1904B076DC89}.Debug|x86.Build.0 = Debug|Win32
		{69350095-4AD9-4073-9331-1904B076DC89}.Release|x64.ActiveCfg = Release|x64
		{69350095-4AD9-4073-9331-1904B076DC89}.Release|x64.Build.0 = Release|x64
		{69350095-4AD9-4073-9331-1904B076DC89}.Release|x86.ActiveCfg = Release|Win32
		{69350095-4AD9-4073-9331-1904B076DC89}.Release|x86.Build.0 = Release|Win32
	EndGlobalSection
	GlobalSection(SolutionProperties) = preSolution
		HideSolutionNode = FALSE
	EndGlobalSection
	GlobalSection(ExtensibilityGlobals) = postSolution
		SolutionGuid = {F683A217-4C23-4BFA-965A-A2EC67BCF7E0}
	EndGlobalSection
EndGlobal
